// !$*UTF8*$!
{
	archiveVersion = 1;
	classes = {
	};
	objectVersion = 56;
	objects = {

/* Begin PBXBuildFile section */
		996C1F7429B9D11A00D95CD3 /* MobileCarPlayApp.swift in Sources */ = {isa = PBXBuildFile; fileRef = 996C1F7329B9D11A00D95CD3 /* MobileCarPlayApp.swift */; };
		996C1F7629B9D11A00D95CD3 /* ContentView.swift in Sources */ = {isa = PBXBuildFile; fileRef = 996C1F7529B9D11A00D95CD3 /* ContentView.swift */; };
		996C1F7829B9D11B00D95CD3 /* Assets.xcassets in Resources */ = {isa = PBXBuildFile; fileRef = 996C1F7729B9D11B00D95CD3 /* Assets.xcassets */; };
		996C1F7B29B9D11B00D95CD3 /* Preview Assets.xcassets in Resources */ = {isa = PBXBuildFile; fileRef = 996C1F7A29B9D11B00D95CD3 /* Preview Assets.xcassets */; };
		996C1F8529B9D11B00D95CD3 /* MobileCarPlayTests.swift in Sources */ = {isa = PBXBuildFile; fileRef = 996C1F8429B9D11B00D95CD3 /* MobileCarPlayTests.swift */; };
		996C1F8F29B9D11B00D95CD3 /* MobileCarPlayUITests.swift in Sources */ = {isa = PBXBuildFile; fileRef = 996C1F8E29B9D11B00D95CD3 /* MobileCarPlayUITests.swift */; };
		996C1F9129B9D11B00D95CD3 /* MobileCarPlayUITestsLaunchTests.swift in Sources */ = {isa = PBXBuildFile; fileRef = 996C1F9029B9D11B00D95CD3 /* MobileCarPlayUITestsLaunchTests.swift */; };
/* End PBXBuildFile section */

/* Begin PBXContainerItemProxy section */
		996C1F8129B9D11B00D95CD3 /* PBXContainerItemProxy */ = {
			isa = PBXContainerItemProxy;
			containerPortal = 996C1F6829B9D11A00D95CD3 /* Project object */;
			proxyType = 1;
			remoteGlobalIDString = 996C1F6F29B9D11A00D95CD3;
			remoteInfo = MobileCarPlay;
		};
		996C1F8B29B9D11B00D95CD3 /* PBXContainerItemProxy */ = {
			isa = PBXContainerItemProxy;
			containerPortal = 996C1F6829B9D11A00D95CD3 /* Project object */;
			proxyType = 1;
			remoteGlobalIDString = 996C1F6F29B9D11A00D95CD3;
			remoteInfo = MobileCarPlay;
		};
/* End PBXContainerItemProxy section */

/* Begin PBXFileReference section */
		996C1F7029B9D11A00D95CD3 /* MobileCarPlay.app */ = {isa = PBXFileReference; explicitFileType = wrapper.application; includeInIndex = 0; path = MobileCarPlay.app; sourceTree = BUILT_PRODUCTS_DIR; };
		996C1F7329B9D11A00D95CD3 /* MobileCarPlayApp.swift */ = {isa = PBXFileReference; lastKnownFileType = sourcecode.swift; path = MobileCarPlayApp.swift; sourceTree = "<group>"; };
		996C1F7529B9D11A00D95CD3 /* ContentView.swift */ = {isa = PBXFileReference; lastKnownFileType = sourcecode.swift; path = ContentView.swift; sourceTree = "<group>"; };
		996C1F7729B9D11B00D95CD3 /* Assets.xcassets */ = {isa = PBXFileReference; lastKnownFileType = folder.assetcatalog; path = Assets.xcassets; sourceTree = "<group>"; };
		996C1F7A29B9D11B00D95CD3 /* Preview Assets.xcassets */ = {isa = PBXFileReference; lastKnownFileType = folder.assetcatalog; path = "Preview Assets.xcassets"; sourceTree = "<group>"; };
		996C1F8029B9D11B00D95CD3 /* MobileCarPlayTests.xctest */ = {isa = PBXFileReference; explicitFileType = wrapper.cfbundle; includeInIndex = 0; path = MobileCarPlayTests.xctest; sourceTree = BUILT_PRODUCTS_DIR; };
		996C1F8429B9D11B00D95CD3 /* MobileCarPlayTests.swift */ = {isa = PBXFileReference; lastKnownFileType = sourcecode.swift; path = MobileCarPlayTests.swift; sourceTree = "<group>"; };
		996C1F8A29B9D11B00D95CD3 /* MobileCarPlayUITests.xctest */ = {isa = PBXFileReference; explicitFileType = wrapper.cfbundle; includeInIndex = 0; path = MobileCarPlayUITests.xctest; sourceTree = BUILT_PRODUCTS_DIR; };
		996C1F8E29B9D11B00D95CD3 /* MobileCarPlayUITests.swift */ = {isa = PBXFileReference; lastKnownFileType = sourcecode.swift; path = MobileCarPlayUITests.swift; sourceTree = "<group>"; };
		996C1F9029B9D11B00D95CD3 /* MobileCarPlayUITestsLaunchTests.swift */ = {isa = PBXFileReference; lastKnownFileType = sourcecode.swift; path = MobileCarPlayUITestsLaunchTests.swift; sourceTree = "<group>"; };
/* End PBXFileReference section */

/* Begin PBXFrameworksBuildPhase section */
		996C1F6D29B9D11A00D95CD3 /* Frameworks */ = {
			isa = PBXFrameworksBuildPhase;
			buildActionMask = 2147483647;
			files = (
			);
			runOnlyForDeploymentPostprocessing = 0;
		};
		996C1F7D29B9D11B00D95CD3 /* Frameworks */ = {
			isa = PBXFrameworksBuildPhase;
			buildActionMask = 2147483647;
			files = (
			);
			runOnlyForDeploymentPostprocessing = 0;
		};
		996C1F8729B9D11B00D95CD3 /* Frameworks */ = {
			isa = PBXFrameworksBuildPhase;
			buildActionMask = 2147483647;
			files = (
			);
			runOnlyForDeploymentPostprocessing = 0;
		};
/* End PBXFrameworksBuildPhase section */

/* Begin PBXGroup section */
		996C1F6729B9D11A00D95CD3 = {
			isa = PBXGroup;
			children = (
				996C1F7229B9D11A00D95CD3 /* MobileCarPlay */,
				996C1F8329B9D11B00D95CD3 /* MobileCarPlayTests */,
				996C1F8D29B9D11B00D95CD3 /* MobileCarPlayUITests */,
				996C1F7129B9D11A00D95CD3 /* Products */,
			);
			sourceTree = "<group>";
		};
		996C1F7129B9D11A00D95CD3 /* Products */ = {
			isa = PBXGroup;
			children = (
				996C1F7029B9D11A00D95CD3 /* MobileCarPlay.app */,
				996C1F8029B9D11B00D95CD3 /* MobileCarPlayTests.xctest */,
				996C1F8A29B9D11B00D95CD3 /* MobileCarPlayUITests.xctest */,
			);
			name = Products;
			sourceTree = "<group>";
		};
		996C1F7229B9D11A00D95CD3 /* MobileCarPlay */ = {
			isa = PBXGroup;
			children = (
				996C1F7329B9D11A00D95CD3 /* MobileCarPlayApp.swift */,
				996C1F7529B9D11A00D95CD3 /* ContentView.swift */,
				996C1F7729B9D11B00D95CD3 /* Assets.xcassets */,
				996C1F7929B9D11B00D95CD3 /* Preview Content */,
			);
			path = MobileCarPlay;
			sourceTree = "<group>";
		};
		996C1F7929B9D11B00D95CD3 /* Preview Content */ = {
			isa = PBXGroup;
			children = (
				996C1F7A29B9D11B00D95CD3 /* Preview Assets.xcassets */,
			);
			path = "Preview Content";
			sourceTree = "<group>";
		};
		996C1F8329B9D11B00D95CD3 /* MobileCarPlayTests */ = {
			isa = PBXGroup;
			children = (
				996C1F8429B9D11B00D95CD3 /* MobileCarPlayTests.swift */,
			);
			path = MobileCarPlayTests;
			sourceTree = "<group>";
		};
		996C1F8D29B9D11B00D95CD3 /* MobileCarPlayUITests */ = {
			isa = PBXGroup;
			children = (
				996C1F8E29B9D11B00D95CD3 /* MobileCarPlayUITests.swift */,
				996C1F9029B9D11B00D95CD3 /* MobileCarPlayUITestsLaunchTests.swift */,
			);
			path = MobileCarPlayUITests;
			sourceTree = "<group>";
		};
/* End PBXGroup section */

/* Begin PBXNativeTarget section */
		996C1F6F29B9D11A00D95CD3 /* MobileCarPlay */ = {
			isa = PBXNativeTarget;
			buildConfigurationList = 996C1F9429B9D11B00D95CD3 /* Build configuration list for PBXNativeTarget "MobileCarPlay" */;
			buildPhases = (
				996C1F6C29B9D11A00D95CD3 /* Sources */,
				996C1F6D29B9D11A00D95CD3 /* Frameworks */,
				996C1F6E29B9D11A00D95CD3 /* Resources */,
			);
			buildRules = (
			);
			dependencies = (
			);
			name = MobileCarPlay;
			productName = MobileCarPlay;
			productReference = 996C1F7029B9D11A00D95CD3 /* MobileCarPlay.app */;
			productType = "com.apple.product-type.application";
		};
		996C1F7F29B9D11B00D95CD3 /* MobileCarPlayTests */ = {
			isa = PBXNativeTarget;
			buildConfigurationList = 996C1F9729B9D11B00D95CD3 /* Build configuration list for PBXNativeTarget "MobileCarPlayTests" */;
			buildPhases = (
				996C1F7C29B9D11B00D95CD3 /* Sources */,
				996C1F7D29B9D11B00D95CD3 /* Frameworks */,
				996C1F7E29B9D11B00D95CD3 /* Resources */,
			);
			buildRules = (
			);
			dependencies = (
				996C1F8229B9D11B00D95CD3 /* PBXTargetDependency */,
			);
			name = MobileCarPlayTests;
			productName = MobileCarPlayTests;
			productReference = 996C1F8029B9D11B00D95CD3 /* MobileCarPlayTests.xctest */;
			productType = "com.apple.product-type.bundle.unit-test";
		};
		996C1F8929B9D11B00D95CD3 /* MobileCarPlayUITests */ = {
			isa = PBXNativeTarget;
			buildConfigurationList = 996C1F9A29B9D11B00D95CD3 /* Build configuration list for PBXNativeTarget "MobileCarPlayUITests" */;
			buildPhases = (
				996C1F8629B9D11B00D95CD3 /* Sources */,
				996C1F8729B9D11B00D95CD3 /* Frameworks */,
				996C1F8829B9D11B00D95CD3 /* Resources */,
			);
			buildRules = (
			);
			dependencies = (
				996C1F8C29B9D11B00D95CD3 /* PBXTargetDependency */,
			);
			name = MobileCarPlayUITests;
			productName = MobileCarPlayUITests;
			productReference = 996C1F8A29B9D11B00D95CD3 /* MobileCarPlayUITests.xctest */;
			productType = "com.apple.product-type.bundle.ui-testing";
		};
/* End PBXNativeTarget section */

/* Begin PBXProject section */
		996C1F6829B9D11A00D95CD3 /* Project object */ = {
			isa = PBXProject;
			attributes = {
				BuildIndependentTargetsInParallel = 1;
				LastSwiftUpdateCheck = 1420;
				LastUpgradeCheck = 1420;
				TargetAttributes = {
					996C1F6F29B9D11A00D95CD3 = {
						CreatedOnToolsVersion = 14.2;
					};
					996C1F7F29B9D11B00D95CD3 = {
						CreatedOnToolsVersion = 14.2;
						TestTargetID = 996C1F6F29B9D11A00D95CD3;
					};
					996C1F8929B9D11B00D95CD3 = {
						CreatedOnToolsVersion = 14.2;
						TestTargetID = 996C1F6F29B9D11A00D95CD3;
					};
				};
			};
			buildConfigurationList = 996C1F6B29B9D11A00D95CD3 /* Build configuration list for PBXProject "MobileCarPlay" */;
			compatibilityVersion = "Xcode 14.0";
			developmentRegion = en;
			hasScannedForEncodings = 0;
			knownRegions = (
				en,
				Base,
			);
			mainGroup = 996C1F6729B9D11A00D95CD3;
			productRefGroup = 996C1F7129B9D11A00D95CD3 /* Products */;
			projectDirPath = "";
			projectRoot = "";
			targets = (
				996C1F6F29B9D11A00D95CD3 /* MobileCarPlay */,
				996C1F7F29B9D11B00D95CD3 /* MobileCarPlayTests */,
				996C1F8929B9D11B00D95CD3 /* MobileCarPlayUITests */,
			);
		};
/* End PBXProject section */

/* Begin PBXResourcesBuildPhase section */
		996C1F6E29B9D11A00D95CD3 /* Resources */ = {
			isa = PBXResourcesBuildPhase;
			buildActionMask = 2147483647;
			files = (
				996C1F7B29B9D11B00D95CD3 /* Preview Assets.xcassets in Resources */,
				996C1F7829B9D11B00D95CD3 /* Assets.xcassets in Resources */,
			);
			runOnlyForDeploymentPostprocessing = 0;
		};
		996C1F7E29B9D11B00D95CD3 /* Resources */ = {
			isa = PBXResourcesBuildPhase;
			buildActionMask = 2147483647;
			files = (
			);
			runOnlyForDeploymentPostprocessing = 0;
		};
		996C1F8829B9D11B00D95CD3 /* Resources */ = {
			isa = PBXResourcesBuildPhase;
			buildActionMask = 2147483647;
			files = (
			);
			runOnlyForDeploymentPostprocessing = 0;
		};
/* End PBXResourcesBuildPhase section */

/* Begin PBXSourcesBuildPhase section */
		996C1F6C29B9D11A00D95CD3 /* Sources */ = {
			isa = PBXSourcesBuildPhase;
			buildActionMask = 2147483647;
			files = (
				996C1F7629B9D11A00D95CD3 /* ContentView.swift in Sources */,
				996C1F7429B9D11A00D95CD3 /* MobileCarPlayApp.swift in Sources */,
			);
			runOnlyForDeploymentPostprocessing = 0;
		};
		996C1F7C29B9D11B00D95CD3 /* Sources */ = {
			isa = PBXSourcesBuildPhase;
			buildActionMask = 2147483647;
			files = (
				996C1F8529B9D11B00D95CD3 /* MobileCarPlayTests.swift in Sources */,
			);
			runOnlyForDeploymentPostprocessing = 0;
		};
		996C1F8629B9D11B00D95CD3 /* Sources */ = {
			isa = PBXSourcesBuildPhase;
			buildActionMask = 2147483647;
			files = (
				996C1F8F29B9D11B00D95CD3 /* MobileCarPlayUITests.swift in Sources */,
				996C1F9129B9D11B00D95CD3 /* MobileCarPlayUITestsLaunchTests.swift in Sources */,
			);
			runOnlyForDeploymentPostprocessing = 0;
		};
/* End PBXSourcesBuildPhase section */

/* Begin PBXTargetDependency section */
		996C1F8229B9D11B00D95CD3 /* PBXTargetDependency */ = {
			isa = PBXTargetDependency;
			target = 996C1F6F29B9D11A00D95CD3 /* MobileCarPlay */;
			targetProxy = 996C1F8129B9D11B00D95CD3 /* PBXContainerItemProxy */;
		};
		996C1F8C29B9D11B00D95CD3 /* PBXTargetDependency */ = {
			isa = PBXTargetDependency;
			target = 996C1F6F29B9D11A00D95CD3 /* MobileCarPlay */;
			targetProxy = 996C1F8B29B9D11B00D95CD3 /* PBXContainerItemProxy */;
		};
/* End PBXTargetDependency section */

/* Begin XCBuildConfiguration section */
		996C1F9229B9D11B00D95CD3 /* Debug */ = {
			isa = XCBuildConfiguration;
			buildSettings = {
				ALWAYS_SEARCH_USER_PATHS = NO;
				CLANG_ANALYZER_NONNULL = YES;
				CLANG_ANALYZER_NUMBER_OBJECT_CONVERSION = YES_AGGRESSIVE;
				CLANG_CXX_LANGUAGE_STANDARD = "gnu++20";
				CLANG_ENABLE_MODULES = YES;
				CLANG_ENABLE_OBJC_ARC = YES;
				CLANG_ENABLE_OBJC_WEAK = YES;
				CLANG_WARN_BLOCK_CAPTURE_AUTORELEASING = YES;
				CLANG_WARN_BOOL_CONVERSION = YES;
				CLANG_WARN_COMMA = YES;
				CLANG_WARN_CONSTANT_CONVERSION = YES;
				CLANG_WARN_DEPRECATED_OBJC_IMPLEMENTATIONS = YES;
				CLANG_WARN_DIRECT_OBJC_ISA_USAGE = YES_ERROR;
				CLANG_WARN_DOCUMENTATION_COMMENTS = YES;
				CLANG_WARN_EMPTY_BODY = YES;
				CLANG_WARN_ENUM_CONVERSION = YES;
				CLANG_WARN_INFINITE_RECURSION = YES;
				CLANG_WARN_INT_CONVERSION = YES;
				CLANG_WARN_NON_LITERAL_NULL_CONVERSION = YES;
				CLANG_WARN_OBJC_IMPLICIT_RETAIN_SELF = YES;
				CLANG_WARN_OBJC_LITERAL_CONVERSION = YES;
				CLANG_WARN_OBJC_ROOT_CLASS = YES_ERROR;
				CLANG_WARN_QUOTED_INCLUDE_IN_FRAMEWORK_HEADER = YES;
				CLANG_WARN_RANGE_LOOP_ANALYSIS = YES;
				CLANG_WARN_STRICT_PROTOTYPES = YES;
				CLANG_WARN_SUSPICIOUS_MOVE = YES;
				CLANG_WARN_UNGUARDED_AVAILABILITY = YES_AGGRESSIVE;
				CLANG_WARN_UNREACHABLE_CODE = YES;
				CLANG_WARN__DUPLICATE_METHOD_MATCH = YES;
				COPY_PHASE_STRIP = NO;
				DEBUG_INFORMATION_FORMAT = dwarf;
				ENABLE_STRICT_OBJC_MSGSEND = YES;
				ENABLE_TESTABILITY = YES;
				GCC_C_LANGUAGE_STANDARD = gnu11;
				GCC_DYNAMIC_NO_PIC = NO;
				GCC_NO_COMMON_BLOCKS = YES;
				GCC_OPTIMIZATION_LEVEL = 0;
				GCC_PREPROCESSOR_DEFINITIONS = (
					"DEBUG=1",
					"$(inherited)",
				);
				GCC_WARN_64_TO_32_BIT_CONVERSION = YES;
				GCC_WARN_ABOUT_RETURN_TYPE = YES_ERROR;
				GCC_WARN_UNDECLARED_SELECTOR = YES;
				GCC_WARN_UNINITIALIZED_AUTOS = YES_AGGRESSIVE;
				GCC_WARN_UNUSED_FUNCTION = YES;
				GCC_WARN_UNUSED_VARIABLE = YES;
				IPHONEOS_DEPLOYMENT_TARGET = 16.2;
				MTL_ENABLE_DEBUG_INFO = INCLUDE_SOURCE;
				MTL_FAST_MATH = YES;
				ONLY_ACTIVE_ARCH = YES;
				SDKROOT = iphoneos;
				SWIFT_ACTIVE_COMPILATION_CONDITIONS = DEBUG;
				SWIFT_OPTIMIZATION_LEVEL = "-Onone";
			};
			name = Debug;
		};
		996C1F9329B9D11B00D95CD3 /* Release */ = {
			isa = XCBuildConfiguration;
			buildSettings = {
				ALWAYS_SEARCH_USER_PATHS = NO;
				CLANG_ANALYZER_NONNULL = YES;
				CLANG_ANALYZER_NUMBER_OBJECT_CONVERSION = YES_AGGRESSIVE;
				CLANG_CXX_LANGUAGE_STANDARD = "gnu++20";
				CLANG_ENABLE_MODULES = YES;
				CLANG_ENABLE_OBJC_ARC = YES;
				CLANG_ENABLE_OBJC_WEAK = YES;
				CLANG_WARN_BLOCK_CAPTURE_AUTORELEASING = YES;
				CLANG_WARN_BOOL_CONVERSION = YES;
				CLANG_WARN_COMMA = YES;
				CLANG_WARN_CONSTANT_CONVERSION = YES;
				CLANG_WARN_DEPRECATED_OBJC_IMPLEMENTATIONS = YES;
				CLANG_WARN_DIRECT_OBJC_ISA_USAGE = YES_ERROR;
				CLANG_WARN_DOCUMENTATION_COMMENTS = YES;
				CLANG_WARN_EMPTY_BODY = YES;
				CLANG_WARN_ENUM_CONVERSION = YES;
				CLANG_WARN_INFINITE_RECURSION = YES;
				CLANG_WARN_INT_CONVERSION = YES;
				CLANG_WARN_NON_LITERAL_NULL_CONVERSION = YES;
				CLANG_WARN_OBJC_IMPLICIT_RETAIN_SELF = YES;
				CLANG_WARN_OBJC_LITERAL_CONVERSION = YES;
				CLANG_WARN_OBJC_ROOT_CLASS = YES_ERROR;
				CLANG_WARN_QUOTED_INCLUDE_IN_FRAMEWORK_HEADER = YES;
				CLANG_WARN_RANGE_LOOP_ANALYSIS = YES;
				CLANG_WARN_STRICT_PROTOTYPES = YES;
				CLANG_WARN_SUSPICIOUS_MOVE = YES;
				CLANG_WARN_UNGUARDED_AVAILABILITY = YES_AGGRESSIVE;
				CLANG_WARN_UNREACHABLE_CODE = YES;
				CLANG_WARN__DUPLICATE_METHOD_MATCH = YES;
				COPY_PHASE_STRIP = NO;
				DEBUG_INFORMATION_FORMAT = "dwarf-with-dsym";
				ENABLE_NS_ASSERTIONS = NO;
				ENABLE_STRICT_OBJC_MSGSEND = YES;
				GCC_C_LANGUAGE_STANDARD = gnu11;
				GCC_NO_COMMON_BLOCKS = YES;
				GCC_WARN_64_TO_32_BIT_CONVERSION = YES;
				GCC_WARN_ABOUT_RETURN_TYPE = YES_ERROR;
				GCC_WARN_UNDECLARED_SELECTOR = YES;
				GCC_WARN_UNINITIALIZED_AUTOS = YES_AGGRESSIVE;
				GCC_WARN_UNUSED_FUNCTION = YES;
				GCC_WARN_UNUSED_VARIABLE = YES;
				IPHONEOS_DEPLOYMENT_TARGET = 16.2;
				MTL_ENABLE_DEBUG_INFO = NO;
				MTL_FAST_MATH = YES;
				SDKROOT = iphoneos;
				SWIFT_COMPILATION_MODE = wholemodule;
				SWIFT_OPTIMIZATION_LEVEL = "-O";
				VALIDATE_PRODUCT = YES;
			};
			name = Release;
		};
		996C1F9529B9D11B00D95CD3 /* Debug */ = {
			isa = XCBuildConfiguration;
			buildSettings = {
				ASSETCATALOG_COMPILER_APPICON_NAME = AppIcon;
				ASSETCATALOG_COMPILER_GLOBAL_ACCENT_COLOR_NAME = AccentColor;
				CODE_SIGN_STYLE = Automatic;
				CURRENT_PROJECT_VERSION = 1;
				DEVELOPMENT_ASSET_PATHS = "\"MobileCarPlay/Preview Content\"";
				DEVELOPMENT_TEAM = T2S76KRB9J;
				ENABLE_PREVIEWS = YES;
				GENERATE_INFOPLIST_FILE = YES;
				INFOPLIST_KEY_UIApplicationSceneManifest_Generation = YES;
				INFOPLIST_KEY_UIApplicationSupportsIndirectInputEvents = YES;
				INFOPLIST_KEY_UILaunchScreen_Generation = YES;
				INFOPLIST_KEY_UISupportedInterfaceOrientations_iPad = "UIInterfaceOrientationPortrait UIInterfaceOrientationPortraitUpsideDown UIInterfaceOrientationLandscapeLeft UIInterfaceOrientationLandscapeRight";
				INFOPLIST_KEY_UISupportedInterfaceOrientations_iPhone = "UIInterfaceOrientationPortrait UIInterfaceOrientationLandscapeLeft UIInterfaceOrientationLandscapeRight";
				LD_RUNPATH_SEARCH_PATHS = (
					"$(inherited)",
					"@executable_path/Frameworks",
				);
				MARKETING_VERSION = 1.0;
				PRODUCT_BUNDLE_IDENTIFIER = Woods.MobileCarPlay;
				PRODUCT_NAME = "$(TARGET_NAME)";
				SWIFT_EMIT_LOC_STRINGS = YES;
				SWIFT_VERSION = 5.0;
				TARGETED_DEVICE_FAMILY = "1,2";
			};
			name = Debug;
		};
		996C1F9629B9D11B00D95CD3 /* Release */ = {
			isa = XCBuildConfiguration;
			buildSettings = {
				ASSETCATALOG_COMPILER_APPICON_NAME = AppIcon;
				ASSETCATALOG_COMPILER_GLOBAL_ACCENT_COLOR_NAME = AccentColor;
				CODE_SIGN_STYLE = Automatic;
				CURRENT_PROJECT_VERSION = 1;
				DEVELOPMENT_ASSET_PATHS = "\"MobileCarPlay/Preview Content\"";
				DEVELOPMENT_TEAM = T2S76KRB9J;
				ENABLE_PREVIEWS = YES;
				GENERATE_INFOPLIST_FILE = YES;
				INFOPLIST_KEY_UIApplicationSceneManifest_Generation = YES;
				INFOPLIST_KEY_UIApplicationSupportsIndirectInputEvents = YES;
				INFOPLIST_KEY_UILaunchScreen_Generation = YES;
				INFOPLIST_KEY_UISupportedInterfaceOrientations_iPad = "UIInterfaceOrientationPortrait UIInterfaceOrientationPortraitUpsideDown UIInterfaceOrientationLandscapeLeft UIInterfaceOrientationLandscapeRight";
				INFOPLIST_KEY_UISupportedInterfaceOrientations_iPhone = "UIInterfaceOrientationPortrait UIInterfaceOrientationLandscapeLeft UIInterfaceOrientationLandscapeRight";
				LD_RUNPATH_SEARCH_PATHS = (
					"$(inherited)",
					"@executable_path/Frameworks",
				);
				MARKETING_VERSION = 1.0;
				PRODUCT_BUNDLE_IDENTIFIER = Woods.MobileCarPlay;
				PRODUCT_NAME = "$(TARGET_NAME)";
				SWIFT_EMIT_LOC_STRINGS = YES;
				SWIFT_VERSION = 5.0;
				TARGETED_DEVICE_FAMILY = "1,2";
			};
			name = Release;
		};
		996C1F9829B9D11B00D95CD3 /* Debug */ = {
			isa = XCBuildConfiguration;
			buildSettings = {
				ALWAYS_EMBED_SWIFT_STANDARD_LIBRARIES = YES;
				BUNDLE_LOADER = "$(TEST_HOST)";
				CODE_SIGN_STYLE = Automatic;
				CURRENT_PROJECT_VERSION = 1;
				DEVELOPMENT_TEAM = T2S76KRB9J;
				GENERATE_INFOPLIST_FILE = YES;
				IPHONEOS_DEPLOYMENT_TARGET = 16.2;
				MARKETING_VERSION = 1.0;
				PRODUCT_BUNDLE_IDENTIFIER = Woods.MobileCarPlayTests;
				PRODUCT_NAME = "$(TARGET_NAME)";
				SWIFT_EMIT_LOC_STRINGS = NO;
				SWIFT_VERSION = 5.0;
				TARGETED_DEVICE_FAMILY = "1,2";
				TEST_HOST = "$(BUILT_PRODUCTS_DIR)/MobileCarPlay.app/$(BUNDLE_EXECUTABLE_FOLDER_PATH)/MobileCarPlay";
			};
			name = Debug;
		};
		996C1F9929B9D11B00D95CD3 /* Release */ = {
			isa = XCBuildConfiguration;
			buildSettings = {
				ALWAYS_EMBED_SWIFT_STANDARD_LIBRARIES = YES;
				BUNDLE_LOADER = "$(TEST_HOST)";
				CODE_SIGN_STYLE = Automatic;
				CURRENT_PROJECT_VERSION = 1;
				DEVELOPMENT_TEAM = T2S76KRB9J;
				GENERATE_INFOPLIST_FILE = YES;
				IPHONEOS_DEPLOYMENT_TARGET = 16.2;
				MARKETING_VERSION = 1.0;
				PRODUCT_BUNDLE_IDENTIFIER = Woods.MobileCarPlayTests;
				PRODUCT_NAME = "$(TARGET_NAME)";
				SWIFT_EMIT_LOC_STRINGS = NO;
				SWIFT_VERSION = 5.0;
				TARGETED_DEVICE_FAMILY = "1,2";
				TEST_HOST = "$(BUILT_PRODUCTS_DIR)/MobileCarPlay.app/$(BUNDLE_EXECUTABLE_FOLDER_PATH)/MobileCarPlay";
			};
			name = Release;
		};
		996C1F9B29B9D11B00D95CD3 /* Debug */ = {
			isa = XCBuildConfiguration;
			buildSettings = {
				ALWAYS_EMBED_SWIFT_STANDARD_LIBRARIES = YES;
				CODE_SIGN_STYLE = Automatic;
				CURRENT_PROJECT_VERSION = 1;
				DEVELOPMENT_TEAM = T2S76KRB9J;
				GENERATE_INFOPLIST_FILE = YES;
				MARKETING_VERSION = 1.0;
				PRODUCT_BUNDLE_IDENTIFIER = Woods.MobileCarPlayUITests;
				PRODUCT_NAME = "$(TARGET_NAME)";
				SWIFT_EMIT_LOC_STRINGS = NO;
				SWIFT_VERSION = 5.0;
				TARGETED_DEVICE_FAMILY = "1,2";
				TEST_TARGET_NAME = MobileCarPlay;
			};
			name = Debug;
		};
		996C1F9C29B9D11B00D95CD3 /* Release */ = {
			isa = XCBuildConfiguration;
			buildSettings = {
				ALWAYS_EMBED_SWIFT_STANDARD_LIBRARIES = YES;
				CODE_SIGN_STYLE = Automatic;
				CURRENT_PROJECT_VERSION = 1;
				DEVELOPMENT_TEAM = T2S76KRB9J;
				GENERATE_INFOPLIST_FILE = YES;
				MARKETING_VERSION = 1.0;
				PRODUCT_BUNDLE_IDENTIFIER = Woods.MobileCarPlayUITests;
				PRODUCT_NAME = "$(TARGET_NAME)";
				SWIFT_EMIT_LOC_STRINGS = NO;
				SWIFT_VERSION = 5.0;
				TARGETED_DEVICE_FAMILY = "1,2";
				TEST_TARGET_NAME = MobileCarPlay;
			};
			name = Release;
		};
/* End XCBuildConfiguration section */

/* Begin XCConfigurationList section */
		996C1F6B29B9D11A00D95CD3 /* Build configuration list for PBXProject "MobileCarPlay" */ = {
			isa = XCConfigurationList;
			buildConfigurations = (
				996C1F9229B9D11B00D95CD3 /* Debug */,
				996C1F9329B9D11B00D95CD3 /* Release */,
			);
			defaultConfigurationIsVisible = 0;
			defaultConfigurationName = Release;
		};
		996C1F9429B9D11B00D95CD3 /* Build configuration list for PBXNativeTarget "MobileCarPlay" */ = {
			isa = XCConfigurationList;
			buildConfigurations = (
				996C1F9529B9D11B00D95CD3 /* Debug */,
				996C1F9629B9D11B00D95CD3 /* Release */,
			);
			defaultConfigurationIsVisible = 0;
			defaultConfigurationName = Release;
		};
		996C1F9729B9D11B00D95CD3 /* Build configuration list for PBXNativeTarget "MobileCarPlayTests" */ = {
			isa = XCConfigurationList;
			buildConfigurations = (
				996C1F9829B9D11B00D95CD3 /* Debug */,
				996C1F9929B9D11B00D95CD3 /* Release */,
			);
			defaultConfigurationIsVisible = 0;
			defaultConfigurationName = Release;
		};
		996C1F9A29B9D11B00D95CD3 /* Build configuration list for PBXNativeTarget "MobileCarPlayUITests" */ = {
			isa = XCConfigurationList;
			buildConfigurations = (
				996C1F9B29B9D11B00D95CD3 /* Debug */,
				996C1F9C29B9D11B00D95CD3 /* Release */,
			);
			defaultConfigurationIsVisible = 0;
			defaultConfigurationName = Release;
		};
/* End XCConfigurationList section */
	};
	rootObject = 996C1F6829B9D11A00D95CD3 /* Project object */;
}
